
Microsoft Visual Studio Solution File, Format Version 12.00
# Visual Studio Version 17
VisualStudioVersion = 17.10.35122.118
MinimumVisualStudioVersion = 10.0.40219.1
Project("{2150E333-8FDC-42A3-9474-1A3956D46DE8}") = "Services", "Services", "{E0CBCCA2-721B-404B-BA90-D5DB3E29AE37}"
EndProject
Project("{2150E333-8FDC-42A3-9474-1A3956D46DE8}") = "Catalog", "Catalog", "{048BEA66-8249-478D-9804-AAD1D0B5B6A5}"
EndProject
Project("{FAE04EC0-301F-11D3-BF4B-00C04F79EFBC}") = "Catalog.API", "Catalog.API\Catalog.API.csproj", "{DC6B3CFC-2BDF-4BE7-8030-FBFC8DFAE2B1}"
EndProject
Global
	GlobalSection(SolutionConfigurationPlatforms) = preSolution
		Debug|Any CPU = Debug|Any CPU
		Release|Any CPU = Release|Any CPU
	EndGlobalSection
	GlobalSection(ProjectConfigurationPlatforms) = postSolution
		{DC6B3CFC-2BDF-4BE7-8030-FBFC8DFAE2B1}.Debug|Any CPU.ActiveCfg = Debug|Any CPU
		{DC6B3CFC-2BDF-4BE7-8030-FBFC8DFAE2B1}.Debug|Any CPU.Build.0 = Debug|Any CPU
		{DC6B3CFC-2BDF-4BE7-8030-FBFC8DFAE2B1}.Release|Any CPU.ActiveCfg = Release|Any CPU
		{DC6B3CFC-2BDF-4BE7-8030-FBFC8DFAE2B1}.Release|Any CPU.Build.0 = Release|Any CPU
	EndGlobalSection
	GlobalSection(SolutionProperties) = preSolution
		HideSolutionNode = FALSE
	EndGlobalSection
	GlobalSection(NestedProjects) = preSolution
		{048BEA66-8249-478D-9804-AAD1D0B5B6A5} = {E0CBCCA2-721B-404B-BA90-D5DB3E29AE37}
		{DC6B3CFC-2BDF-4BE7-8030-FBFC8DFAE2B1} = {048BEA66-8249-478D-9804-AAD1D0B5B6A5}
	EndGlobalSection
	GlobalSection(ExtensibilityGlobals) = postSolution
		SolutionGuid = {FB8772AA-879D-456C-871B-63565830D07F}
	EndGlobalSection
EndGlobal
