
Microsoft Visual Studio Solution File, Format Version 12.00
# Visual Studio Version 17
VisualStudioVersion = 17.11.35222.181
MinimumVisualStudioVersion = 10.0.40219.1
Project("{2150E333-8FDC-42A3-9474-1A3956D46DE8}") = "Services", "Services", "{960D12C3-B22E-485D-A28D-5CD47DCB1F63}"
EndProject
Project("{2150E333-8FDC-42A3-9474-1A3956D46DE8}") = "Caltalog", "Caltalog", "{0979B91F-6952-42E5-BD84-40E46C5C813A}"
EndProject
Project("{9A19103F-16F7-4668-BE54-9A1E7A4F7556}") = "Catalog.Api", "Services\Catalog\Catalog.Api\Catalog.Api.csproj", "{8FFBCF3F-172C-4E46-A10D-95C949349ACD}"
EndProject
Project("{2150E333-8FDC-42A3-9474-1A3956D46DE8}") = "BuildingBlock", "BuildingBlock", "{6E088DFA-D577-4FB7-A690-249E4D6B97B1}"
EndProject
Project("{9A19103F-16F7-4668-BE54-9A1E7A4F7556}") = "BuildingBlock.csproj", "BuildingBlock\BuildingBlock.csproj\BuildingBlock.csproj.csproj", "{26D165BE-83F3-4D1E-86D8-C424E8D6E7A0}"
EndProject
Project("{E53339B2-1760-4266-BCC7-CA923CBCF16C}") = "docker-compose", "docker-compose.dcproj", "{581E2EE9-A42A-4984-86CC-097E8E9FE325}"
EndProject
Global
	GlobalSection(SolutionConfigurationPlatforms) = preSolution
		Debug|Any CPU = Debug|Any CPU
		Release|Any CPU = Release|Any CPU
	EndGlobalSection
	GlobalSection(ProjectConfigurationPlatforms) = postSolution
		{8FFBCF3F-172C-4E46-A10D-95C949349ACD}.Debug|Any CPU.ActiveCfg = Debug|Any CPU
		{8FFBCF3F-172C-4E46-A10D-95C949349ACD}.Debug|Any CPU.Build.0 = Debug|Any CPU
		{8FFBCF3F-172C-4E46-A10D-95C949349ACD}.Release|Any CPU.ActiveCfg = Release|Any CPU
		{8FFBCF3F-172C-4E46-A10D-95C949349ACD}.Release|Any CPU.Build.0 = Release|Any CPU
		{26D165BE-83F3-4D1E-86D8-C424E8D6E7A0}.Debug|Any CPU.ActiveCfg = Debug|Any CPU
		{26D165BE-83F3-4D1E-86D8-C424E8D6E7A0}.Debug|Any CPU.Build.0 = Debug|Any CPU
		{26D165BE-83F3-4D1E-86D8-C424E8D6E7A0}.Release|Any CPU.ActiveCfg = Release|Any CPU
		{26D165BE-83F3-4D1E-86D8-C424E8D6E7A0}.Release|Any CPU.Build.0 = Release|Any CPU
		{581E2EE9-A42A-4984-86CC-097E8E9FE325}.Debug|Any CPU.ActiveCfg = Debug|Any CPU
		{581E2EE9-A42A-4984-86CC-097E8E9FE325}.Debug|Any CPU.Build.0 = Debug|Any CPU
		{581E2EE9-A42A-4984-86CC-097E8E9FE325}.Release|Any CPU.ActiveCfg = Release|Any CPU
		{581E2EE9-A42A-4984-86CC-097E8E9FE325}.Release|Any CPU.Build.0 = Release|Any CPU
	EndGlobalSection
	GlobalSection(SolutionProperties) = preSolution
		HideSolutionNode = FALSE
	EndGlobalSection
	GlobalSection(NestedProjects) = preSolution
		{0979B91F-6952-42E5-BD84-40E46C5C813A} = {960D12C3-B22E-485D-A28D-5CD47DCB1F63}
		{8FFBCF3F-172C-4E46-A10D-95C949349ACD} = {0979B91F-6952-42E5-BD84-40E46C5C813A}
		{26D165BE-83F3-4D1E-86D8-C424E8D6E7A0} = {6E088DFA-D577-4FB7-A690-249E4D6B97B1}
	EndGlobalSection
	GlobalSection(ExtensibilityGlobals) = postSolution
		SolutionGuid = {6304CD4C-87A7-4BE5-9B40-5542DFF84F66}
	EndGlobalSection
EndGlobal
